
Microsoft Visual Studio Solution File, Format Version 12.00
# Visual Studio Version 17
VisualStudioVersion = 17.14.36518.9 d17.14
MinimumVisualStudioVersion = 10.0.40219.1
Project("{FAE04EC0-301F-11D3-BF4B-00C04F79EFBC}") = "Unidad7", "Unidad7\Unidad7.csproj", "{D6008CE1-1FCD-4416-B188-D17008F86281}"
EndProject
Global
	GlobalSection(SolutionConfigurationPlatforms) = preSolution
		Debug|Any CPU = Debug|Any CPU
		Release|Any CPU = Release|Any CPU
	EndGlobalSection
	GlobalSection(ProjectConfigurationPlatforms) = postSolution
		{D6008CE1-1FCD-4416-B188-D17008F86281}.Debug|Any CPU.ActiveCfg = Debug|Any CPU
		{D6008CE1-1FCD-4416-B188-D17008F86281}.Debug|Any CPU.Build.0 = Debug|Any CPU
		{D6008CE1-1FCD-4416-B188-D17008F86281}.Release|Any CPU.ActiveCfg = Release|Any CPU
		{D6008CE1-1FCD-4416-B188-D17008F86281}.Release|Any CPU.Build.0 = Release|Any CPU
	EndGlobalSection
	GlobalSection(SolutionProperties) = preSolution
		HideSolutionNode = FALSE
	EndGlobalSection
	GlobalSection(ExtensibilityGlobals) = postSolution
		SolutionGuid = {E19AC6EE-EBE3-427F-A2DB-FCECF2BB28B5}
	EndGlobalSection
EndGlobal
